// !$*UTF8*$!
{
	archiveVersion = 1;
	classes = {
	};
	objectVersion = 46;
	objects = {

/* Begin PBXBuildFile section */
		13160D11C5BE6098856AABE3 /* Pods_Smilie.framework in Frameworks */ = {isa = PBXBuildFile; fileRef = 3791D516D54B602DBD18D80F /* Pods_Smilie.framework */; };
		850948BC1DD60E5200B080CD /* Checkbox.swift in Sources */ = {isa = PBXBuildFile; fileRef = 850948BB1DD60E5200B080CD /* Checkbox.swift */; };
		852827381EB296DC00426AAA /* RotateToBackView.swift in Sources */ = {isa = PBXBuildFile; fileRef = 852827371EB296DC00426AAA /* RotateToBackView.swift */; };
		8528273A1EB296E700426AAA /* RotateToBackView.xib in Resources */ = {isa = PBXBuildFile; fileRef = 852827391EB296E700426AAA /* RotateToBackView.xib */; };
		853255221DD74C3B00EDF3DE /* DurationTimer.swift in Sources */ = {isa = PBXBuildFile; fileRef = 853255211DD74C3B00EDF3DE /* DurationTimer.swift */; };
		853255241DD7567200EDF3DE /* BounceButton.swift in Sources */ = {isa = PBXBuildFile; fileRef = 853255231DD7567200EDF3DE /* BounceButton.swift */; };
		8547DF8D1DE0D53C00B511FB /* CircleView.swift in Sources */ = {isa = PBXBuildFile; fileRef = 8547DF8C1DE0D53C00B511FB /* CircleView.swift */; };
		85715AC31DEDF71900BBC7CA /* FilteredImageManager.swift in Sources */ = {isa = PBXBuildFile; fileRef = 85715AC21DEDF71900BBC7CA /* FilteredImageManager.swift */; };
		85781AAA1DD63F32008EE778 /* lookup_miss_etikate.png in Resources */ = {isa = PBXBuildFile; fileRef = 85781AA91DD63F32008EE778 /* lookup_miss_etikate.png */; };
		8588C6901DC8DC82000979EF /* UIImageHelper.m in Sources */ = {isa = PBXBuildFile; fileRef = 8588C68F1DC8DC82000979EF /* UIImageHelper.m */; };
		858F89391EA015960005D04F /* SoundPlayer.swift in Sources */ = {isa = PBXBuildFile; fileRef = 858F89381EA015960005D04F /* SoundPlayer.swift */; };
		858F893B1EA016E80005D04F /* punch_sound.mp3 in Resources */ = {isa = PBXBuildFile; fileRef = 858F893A1EA016E80005D04F /* punch_sound.mp3 */; };
		85A3B4011DD8E54E007EE252 /* DataManager.swift in Sources */ = {isa = PBXBuildFile; fileRef = 85A3B4001DD8E54E007EE252 /* DataManager.swift */; };
		85B39B2E1DCE3A6600427350 /* CircleImageView.swift in Sources */ = {isa = PBXBuildFile; fileRef = 85B39B2D1DCE3A6600427350 /* CircleImageView.swift */; };
		85B39B321DCE3AD500427350 /* AppDelegate.swift in Sources */ = {isa = PBXBuildFile; fileRef = 85B39B311DCE3AD500427350 /* AppDelegate.swift */; };
		85B39B341DCE3B3300427350 /* MainViewController.swift in Sources */ = {isa = PBXBuildFile; fileRef = 85B39B331DCE3B3300427350 /* MainViewController.swift */; };
		85B39B361DCE449300427350 /* ShareViewController.swift in Sources */ = {isa = PBXBuildFile; fileRef = 85B39B351DCE449300427350 /* ShareViewController.swift */; };
		85CCC50C1DE0855D007D1991 /* SmileProgressView.swift in Sources */ = {isa = PBXBuildFile; fileRef = 85CCC50B1DE0855D007D1991 /* SmileProgressView.swift */; };
		85CCC50E1DE085D3007D1991 /* SmileProgressView.xib in Resources */ = {isa = PBXBuildFile; fileRef = 85CCC50D1DE085D3007D1991 /* SmileProgressView.xib */; };
		85CCC5121DE0B1E5007D1991 /* Assets.xcassets in Resources */ = {isa = PBXBuildFile; fileRef = 85CCC5111DE0B1E5007D1991 /* Assets.xcassets */; };
		85CCC51E1DE0C220007D1991 /* Lato-Bol.otf in Resources */ = {isa = PBXBuildFile; fileRef = 85CCC5141DE0C220007D1991 /* Lato-Bol.otf */; };
		85CCC51F1DE0C220007D1991 /* Lato-BolIta.otf in Resources */ = {isa = PBXBuildFile; fileRef = 85CCC5151DE0C220007D1991 /* Lato-BolIta.otf */; };
		85CCC5201DE0C220007D1991 /* Lato-Hai.otf in Resources */ = {isa = PBXBuildFile; fileRef = 85CCC5161DE0C220007D1991 /* Lato-Hai.otf */; };
		85CCC5211DE0C220007D1991 /* Lato-HaiIta.otf in Resources */ = {isa = PBXBuildFile; fileRef = 85CCC5171DE0C220007D1991 /* Lato-HaiIta.otf */; };
		85CCC5221DE0C220007D1991 /* Lato-Lig.otf in Resources */ = {isa = PBXBuildFile; fileRef = 85CCC5181DE0C220007D1991 /* Lato-Lig.otf */; };
		85CCC5231DE0C220007D1991 /* Lato-LigIta.otf in Resources */ = {isa = PBXBuildFile; fileRef = 85CCC5191DE0C220007D1991 /* Lato-LigIta.otf */; };
		85CCC5241DE0C220007D1991 /* Lato-Reg.otf in Resources */ = {isa = PBXBuildFile; fileRef = 85CCC51A1DE0C220007D1991 /* Lato-Reg.otf */; };
		85CCC5251DE0C220007D1991 /* Lato-RegIta.otf in Resources */ = {isa = PBXBuildFile; fileRef = 85CCC51B1DE0C220007D1991 /* Lato-RegIta.otf */; };
		85CCC5261DE0C220007D1991 /* Lato-Bla.otf in Resources */ = {isa = PBXBuildFile; fileRef = 85CCC51C1DE0C220007D1991 /* Lato-Bla.otf */; };
		85CCC5271DE0C220007D1991 /* Lato-BlaIta.otf in Resources */ = {isa = PBXBuildFile; fileRef = 85CCC51D1DE0C220007D1991 /* Lato-BlaIta.otf */; };
		85DB11081DC7516C00AFCCD0 /* Main.storyboard in Resources */ = {isa = PBXBuildFile; fileRef = 85DB11061DC7516C00AFCCD0 /* Main.storyboard */; };
		85DB110D1DC7516C00AFCCD0 /* LaunchScreen.storyboard in Resources */ = {isa = PBXBuildFile; fileRef = 85DB110B1DC7516C00AFCCD0 /* LaunchScreen.storyboard */; };
		85DB11161DC7692600AFCCD0 /* ViewController.swift in Sources */ = {isa = PBXBuildFile; fileRef = 85DB11151DC7692600AFCCD0 /* ViewController.swift */; };
		85DB11191DC769A000AFCCD0 /* MyView.swift in Sources */ = {isa = PBXBuildFile; fileRef = 85DB11171DC769A000AFCCD0 /* MyView.swift */; };
		85DB111A1DC769A000AFCCD0 /* NibView.swift in Sources */ = {isa = PBXBuildFile; fileRef = 85DB11181DC769A000AFCCD0 /* NibView.swift */; };
		85DB111C1DC769B800AFCCD0 /* Helper.swift in Sources */ = {isa = PBXBuildFile; fileRef = 85DB111B1DC769B800AFCCD0 /* Helper.swift */; };
		85DB111E1DC769CD00AFCCD0 /* Colors.swift in Sources */ = {isa = PBXBuildFile; fileRef = 85DB111D1DC769CD00AFCCD0 /* Colors.swift */; };
		85DB11201DC76AC400AFCCD0 /* CameraView.xib in Resources */ = {isa = PBXBuildFile; fileRef = 85DB111F1DC76AC400AFCCD0 /* CameraView.xib */; };
		85DB11221DC76AD600AFCCD0 /* CameraView.swift in Sources */ = {isa = PBXBuildFile; fileRef = 85DB11211DC76AD600AFCCD0 /* CameraView.swift */; };
		85DB11251DC77E5E00AFCCD0 /* CameraViewController.swift in Sources */ = {isa = PBXBuildFile; fileRef = 85DB11241DC77E5E00AFCCD0 /* CameraViewController.swift */; };
		85DB11271DC7860400AFCCD0 /* CapturedPhotoViewController.swift in Sources */ = {isa = PBXBuildFile; fileRef = 85DB11261DC7860400AFCCD0 /* CapturedPhotoViewController.swift */; };
		85EA589D1DCE1FED00749AEC /* MySegues.swift in Sources */ = {isa = PBXBuildFile; fileRef = 85EA589C1DCE1FED00749AEC /* MySegues.swift */; };
		85EA589F1DCE27F700749AEC /* MyImage.swift in Sources */ = {isa = PBXBuildFile; fileRef = 85EA589E1DCE27F700749AEC /* MyImage.swift */; };
		85EA58A11DCE2B9500749AEC /* MyCamera.swift in Sources */ = {isa = PBXBuildFile; fileRef = 85EA58A01DCE2B9500749AEC /* MyCamera.swift */; };
		85EA58A31DCE31A000749AEC /* FaceFeaturesDetector.swift in Sources */ = {isa = PBXBuildFile; fileRef = 85EA58A21DCE31A000749AEC /* FaceFeaturesDetector.swift */; };
		85EB35BF1DD93B84002DED9F /* IntroViewController.swift in Sources */ = {isa = PBXBuildFile; fileRef = 85EB35BE1DD93B84002DED9F /* IntroViewController.swift */; };
		85FB657C1DE3A0F700CC4021 /* GalleryViewController.swift in Sources */ = {isa = PBXBuildFile; fileRef = 85FB657B1DE3A0F700CC4021 /* GalleryViewController.swift */; };
		85FB657F1DE3B6E500CC4021 /* SmilieLoadingView.swift in Sources */ = {isa = PBXBuildFile; fileRef = 85FB657E1DE3B6E500CC4021 /* SmilieLoadingView.swift */; };
		85FB65811DE3B6FC00CC4021 /* SmilieLoadingView.xib in Resources */ = {isa = PBXBuildFile; fileRef = 85FB65801DE3B6FC00CC4021 /* SmilieLoadingView.xib */; };
/* End PBXBuildFile section */

/* Begin PBXFileReference section */
		050C91AF170E955927B5FCBD /* Pods-Smilie.release.xcconfig */ = {isa = PBXFileReference; includeInIndex = 1; lastKnownFileType = text.xcconfig; name = "Pods-Smilie.release.xcconfig"; path = "Pods/Target Support Files/Pods-Smilie/Pods-Smilie.release.xcconfig"; sourceTree = "<group>"; };
		2F938039F0A084A31CBBDC97 /* Pods.framework */ = {isa = PBXFileReference; explicitFileType = wrapper.framework; includeInIndex = 0; path = Pods.framework; sourceTree = BUILT_PRODUCTS_DIR; };
		3791D516D54B602DBD18D80F /* Pods_Smilie.framework */ = {isa = PBXFileReference; explicitFileType = wrapper.framework; includeInIndex = 0; path = Pods_Smilie.framework; sourceTree = BUILT_PRODUCTS_DIR; };
		6E7E125B4DD9943456933D25 /* Pods-Smilie.debug.xcconfig */ = {isa = PBXFileReference; includeInIndex = 1; lastKnownFileType = text.xcconfig; name = "Pods-Smilie.debug.xcconfig"; path = "Pods/Target Support Files/Pods-Smilie/Pods-Smilie.debug.xcconfig"; sourceTree = "<group>"; };
		850948BB1DD60E5200B080CD /* Checkbox.swift */ = {isa = PBXFileReference; fileEncoding = 4; lastKnownFileType = sourcecode.swift; path = Checkbox.swift; sourceTree = "<group>"; };
		852827371EB296DC00426AAA /* RotateToBackView.swift */ = {isa = PBXFileReference; fileEncoding = 4; lastKnownFileType = sourcecode.swift; path = RotateToBackView.swift; sourceTree = "<group>"; };
		852827391EB296E700426AAA /* RotateToBackView.xib */ = {isa = PBXFileReference; fileEncoding = 4; lastKnownFileType = file.xib; path = RotateToBackView.xib; sourceTree = "<group>"; };
		853255211DD74C3B00EDF3DE /* DurationTimer.swift */ = {isa = PBXFileReference; fileEncoding = 4; lastKnownFileType = sourcecode.swift; path = DurationTimer.swift; sourceTree = "<group>"; };
		853255231DD7567200EDF3DE /* BounceButton.swift */ = {isa = PBXFileReference; fileEncoding = 4; lastKnownFileType = sourcecode.swift; path = BounceButton.swift; sourceTree = "<group>"; };
		8547DF8C1DE0D53C00B511FB /* CircleView.swift */ = {isa = PBXFileReference; fileEncoding = 4; lastKnownFileType = sourcecode.swift; path = CircleView.swift; sourceTree = "<group>"; };
		85715AC21DEDF71900BBC7CA /* FilteredImageManager.swift */ = {isa = PBXFileReference; fileEncoding = 4; lastKnownFileType = sourcecode.swift; path = FilteredImageManager.swift; sourceTree = "<group>"; };
		85781AA91DD63F32008EE778 /* lookup_miss_etikate.png */ = {isa = PBXFileReference; lastKnownFileType = image.png; path = lookup_miss_etikate.png; sourceTree = "<group>"; };
		8588C68D1DC8DBF2000979EF /* Smilie-Bridging-Header.h */ = {isa = PBXFileReference; fileEncoding = 4; lastKnownFileType = sourcecode.c.h; path = "Smilie-Bridging-Header.h"; sourceTree = "<group>"; };
		8588C68E1DC8DC70000979EF /* UIImageHelper.h */ = {isa = PBXFileReference; fileEncoding = 4; lastKnownFileType = sourcecode.c.h; path = UIImageHelper.h; sourceTree = "<group>"; };
		8588C68F1DC8DC82000979EF /* UIImageHelper.m */ = {isa = PBXFileReference; fileEncoding = 4; lastKnownFileType = sourcecode.c.objc; path = UIImageHelper.m; sourceTree = "<group>"; };
		858F89381EA015960005D04F /* SoundPlayer.swift */ = {isa = PBXFileReference; fileEncoding = 4; lastKnownFileType = sourcecode.swift; path = SoundPlayer.swift; sourceTree = "<group>"; };
		858F893A1EA016E80005D04F /* punch_sound.mp3 */ = {isa = PBXFileReference; lastKnownFileType = audio.mp3; path = punch_sound.mp3; sourceTree = "<group>"; };
		85A3B4001DD8E54E007EE252 /* DataManager.swift */ = {isa = PBXFileReference; fileEncoding = 4; lastKnownFileType = sourcecode.swift; path = DataManager.swift; sourceTree = "<group>"; };
		85B39B2D1DCE3A6600427350 /* CircleImageView.swift */ = {isa = PBXFileReference; fileEncoding = 4; lastKnownFileType = sourcecode.swift; path = CircleImageView.swift; sourceTree = "<group>"; };
		85B39B311DCE3AD500427350 /* AppDelegate.swift */ = {isa = PBXFileReference; fileEncoding = 4; lastKnownFileType = sourcecode.swift; path = AppDelegate.swift; sourceTree = "<group>"; };
		85B39B331DCE3B3300427350 /* MainViewController.swift */ = {isa = PBXFileReference; fileEncoding = 4; lastKnownFileType = sourcecode.swift; path = MainViewController.swift; sourceTree = "<group>"; };
		85B39B351DCE449300427350 /* ShareViewController.swift */ = {isa = PBXFileReference; fileEncoding = 4; lastKnownFileType = sourcecode.swift; path = ShareViewController.swift; sourceTree = "<group>"; };
		85CCC50B1DE0855D007D1991 /* SmileProgressView.swift */ = {isa = PBXFileReference; fileEncoding = 4; lastKnownFileType = sourcecode.swift; path = SmileProgressView.swift; sourceTree = "<group>"; };
		85CCC50D1DE085D3007D1991 /* SmileProgressView.xib */ = {isa = PBXFileReference; fileEncoding = 4; lastKnownFileType = file.xib; path = SmileProgressView.xib; sourceTree = "<group>"; };
		85CCC5111DE0B1E5007D1991 /* Assets.xcassets */ = {isa = PBXFileReference; lastKnownFileType = folder.assetcatalog; path = Assets.xcassets; sourceTree = "<group>"; };
		85CCC5141DE0C220007D1991 /* Lato-Bol.otf */ = {isa = PBXFileReference; lastKnownFileType = file; path = "Lato-Bol.otf"; sourceTree = "<group>"; };
		85CCC5151DE0C220007D1991 /* Lato-BolIta.otf */ = {isa = PBXFileReference; lastKnownFileType = file; path = "Lato-BolIta.otf"; sourceTree = "<group>"; };
		85CCC5161DE0C220007D1991 /* Lato-Hai.otf */ = {isa = PBXFileReference; lastKnownFileType = file; path = "Lato-Hai.otf"; sourceTree = "<group>"; };
		85CCC5171DE0C220007D1991 /* Lato-HaiIta.otf */ = {isa = PBXFileReference; lastKnownFileType = file; path = "Lato-HaiIta.otf"; sourceTree = "<group>"; };
		85CCC5181DE0C220007D1991 /* Lato-Lig.otf */ = {isa = PBXFileReference; lastKnownFileType = file; path = "Lato-Lig.otf"; sourceTree = "<group>"; };
		85CCC5191DE0C220007D1991 /* Lato-LigIta.otf */ = {isa = PBXFileReference; lastKnownFileType = file; path = "Lato-LigIta.otf"; sourceTree = "<group>"; };
		85CCC51A1DE0C220007D1991 /* Lato-Reg.otf */ = {isa = PBXFileReference; lastKnownFileType = file; path = "Lato-Reg.otf"; sourceTree = "<group>"; };
		85CCC51B1DE0C220007D1991 /* Lato-RegIta.otf */ = {isa = PBXFileReference; lastKnownFileType = file; path = "Lato-RegIta.otf"; sourceTree = "<group>"; };
		85CCC51C1DE0C220007D1991 /* Lato-Bla.otf */ = {isa = PBXFileReference; lastKnownFileType = file; path = "Lato-Bla.otf"; sourceTree = "<group>"; };
		85CCC51D1DE0C220007D1991 /* Lato-BlaIta.otf */ = {isa = PBXFileReference; lastKnownFileType = file; path = "Lato-BlaIta.otf"; sourceTree = "<group>"; };
		85DB10FF1DC7516C00AFCCD0 /* Smilie.app */ = {isa = PBXFileReference; explicitFileType = wrapper.application; includeInIndex = 0; path = Smilie.app; sourceTree = BUILT_PRODUCTS_DIR; };
		85DB11071DC7516C00AFCCD0 /* Base */ = {isa = PBXFileReference; lastKnownFileType = file.storyboard; name = Base; path = Base.lproj/Main.storyboard; sourceTree = "<group>"; };
		85DB110C1DC7516C00AFCCD0 /* Base */ = {isa = PBXFileReference; lastKnownFileType = file.storyboard; name = Base; path = Base.lproj/LaunchScreen.storyboard; sourceTree = "<group>"; };
		85DB110E1DC7516C00AFCCD0 /* Info.plist */ = {isa = PBXFileReference; lastKnownFileType = text.plist.xml; path = Info.plist; sourceTree = "<group>"; };
		85DB11151DC7692600AFCCD0 /* ViewController.swift */ = {isa = PBXFileReference; fileEncoding = 4; lastKnownFileType = sourcecode.swift; path = ViewController.swift; sourceTree = "<group>"; };
		85DB11171DC769A000AFCCD0 /* MyView.swift */ = {isa = PBXFileReference; fileEncoding = 4; lastKnownFileType = sourcecode.swift; path = MyView.swift; sourceTree = "<group>"; };
		85DB11181DC769A000AFCCD0 /* NibView.swift */ = {isa = PBXFileReference; fileEncoding = 4; lastKnownFileType = sourcecode.swift; path = NibView.swift; sourceTree = "<group>"; };
		85DB111B1DC769B800AFCCD0 /* Helper.swift */ = {isa = PBXFileReference; fileEncoding = 4; lastKnownFileType = sourcecode.swift; path = Helper.swift; sourceTree = "<group>"; };
		85DB111D1DC769CD00AFCCD0 /* Colors.swift */ = {isa = PBXFileReference; fileEncoding = 4; lastKnownFileType = sourcecode.swift; path = Colors.swift; sourceTree = "<group>"; };
		85DB111F1DC76AC400AFCCD0 /* CameraView.xib */ = {isa = PBXFileReference; fileEncoding = 4; lastKnownFileType = file.xib; path = CameraView.xib; sourceTree = "<group>"; };
		85DB11211DC76AD600AFCCD0 /* CameraView.swift */ = {isa = PBXFileReference; fileEncoding = 4; lastKnownFileType = sourcecode.swift; path = CameraView.swift; sourceTree = "<group>"; };
		85DB11241DC77E5E00AFCCD0 /* CameraViewController.swift */ = {isa = PBXFileReference; fileEncoding = 4; lastKnownFileType = sourcecode.swift; path = CameraViewController.swift; sourceTree = "<group>"; };
		85DB11261DC7860400AFCCD0 /* CapturedPhotoViewController.swift */ = {isa = PBXFileReference; fileEncoding = 4; lastKnownFileType = sourcecode.swift; path = CapturedPhotoViewController.swift; sourceTree = "<group>"; };
		85EA589C1DCE1FED00749AEC /* MySegues.swift */ = {isa = PBXFileReference; fileEncoding = 4; lastKnownFileType = sourcecode.swift; path = MySegues.swift; sourceTree = "<group>"; };
		85EA589E1DCE27F700749AEC /* MyImage.swift */ = {isa = PBXFileReference; fileEncoding = 4; lastKnownFileType = sourcecode.swift; path = MyImage.swift; sourceTree = "<group>"; };
		85EA58A01DCE2B9500749AEC /* MyCamera.swift */ = {isa = PBXFileReference; fileEncoding = 4; lastKnownFileType = sourcecode.swift; path = MyCamera.swift; sourceTree = "<group>"; };
		85EA58A21DCE31A000749AEC /* FaceFeaturesDetector.swift */ = {isa = PBXFileReference; fileEncoding = 4; lastKnownFileType = sourcecode.swift; path = FaceFeaturesDetector.swift; sourceTree = "<group>"; };
		85EB35BE1DD93B84002DED9F /* IntroViewController.swift */ = {isa = PBXFileReference; fileEncoding = 4; lastKnownFileType = sourcecode.swift; path = IntroViewController.swift; sourceTree = "<group>"; };
		85FB657B1DE3A0F700CC4021 /* GalleryViewController.swift */ = {isa = PBXFileReference; fileEncoding = 4; lastKnownFileType = sourcecode.swift; path = GalleryViewController.swift; sourceTree = "<group>"; };
		85FB657E1DE3B6E500CC4021 /* SmilieLoadingView.swift */ = {isa = PBXFileReference; fileEncoding = 4; lastKnownFileType = sourcecode.swift; path = SmilieLoadingView.swift; sourceTree = "<group>"; };
		85FB65801DE3B6FC00CC4021 /* SmilieLoadingView.xib */ = {isa = PBXFileReference; fileEncoding = 4; lastKnownFileType = file.xib; path = SmilieLoadingView.xib; sourceTree = "<group>"; };
/* End PBXFileReference section */

/* Begin PBXFrameworksBuildPhase section */
		85DB10FC1DC7516C00AFCCD0 /* Frameworks */ = {
			isa = PBXFrameworksBuildPhase;
			buildActionMask = 2147483647;
			files = (
				13160D11C5BE6098856AABE3 /* Pods_Smilie.framework in Frameworks */,
			);
			runOnlyForDeploymentPostprocessing = 0;
		};
/* End PBXFrameworksBuildPhase section */

/* Begin PBXGroup section */
		0A565E311B4B32EE4D53FC7A /* Pods */ = {
			isa = PBXGroup;
			children = (
				6E7E125B4DD9943456933D25 /* Pods-Smilie.debug.xcconfig */,
				050C91AF170E955927B5FCBD /* Pods-Smilie.release.xcconfig */,
			);
			name = Pods;
			sourceTree = "<group>";
		};
		3D3726369D85216CCAF17E57 /* Frameworks */ = {
			isa = PBXGroup;
			children = (
				2F938039F0A084A31CBBDC97 /* Pods.framework */,
				3791D516D54B602DBD18D80F /* Pods_Smilie.framework */,
			);
			name = Frameworks;
			sourceTree = "<group>";
		};
		858F89331EA010620005D04F /* sound */ = {
			isa = PBXGroup;
			children = (
				858F893A1EA016E80005D04F /* punch_sound.mp3 */,
			);
			name = sound;
			sourceTree = "<group>";
		};
		85CCC5131DE0C1B0007D1991 /* fonts */ = {
			isa = PBXGroup;
			children = (
				85CCC5141DE0C220007D1991 /* Lato-Bol.otf */,
				85CCC5151DE0C220007D1991 /* Lato-BolIta.otf */,
				85CCC5161DE0C220007D1991 /* Lato-Hai.otf */,
				85CCC5171DE0C220007D1991 /* Lato-HaiIta.otf */,
				85CCC5181DE0C220007D1991 /* Lato-Lig.otf */,
				85CCC5191DE0C220007D1991 /* Lato-LigIta.otf */,
				85CCC51A1DE0C220007D1991 /* Lato-Reg.otf */,
				85CCC51B1DE0C220007D1991 /* Lato-RegIta.otf */,
				85CCC51C1DE0C220007D1991 /* Lato-Bla.otf */,
				85CCC51D1DE0C220007D1991 /* Lato-BlaIta.otf */,
			);
			name = fonts;
			sourceTree = "<group>";
		};
		85DB10F61DC7516C00AFCCD0 = {
			isa = PBXGroup;
			children = (
				85DB11011DC7516C00AFCCD0 /* Smilie */,
				85DB11001DC7516C00AFCCD0 /* Products */,
				3D3726369D85216CCAF17E57 /* Frameworks */,
				0A565E311B4B32EE4D53FC7A /* Pods */,
			);
			sourceTree = "<group>";
		};
		85DB11001DC7516C00AFCCD0 /* Products */ = {
			isa = PBXGroup;
			children = (
				85DB10FF1DC7516C00AFCCD0 /* Smilie.app */,
			);
			name = Products;
			sourceTree = "<group>";
		};
		85DB11011DC7516C00AFCCD0 /* Smilie */ = {
			isa = PBXGroup;
			children = (
				858F89331EA010620005D04F /* sound */,
				85CCC5111DE0B1E5007D1991 /* Assets.xcassets */,
				85781AA91DD63F32008EE778 /* lookup_miss_etikate.png */,
				85FB657D1DE3A0FA00CC4021 /* vc */,
				85CCC5131DE0C1B0007D1991 /* fonts */,
				85DB11231DC76E2200AFCCD0 /* views */,
				85DB11141DC7687F00AFCCD0 /* lib */,
				85DB110E1DC7516C00AFCCD0 /* Info.plist */,
				85B39B311DCE3AD500427350 /* AppDelegate.swift */,
				85EA58A01DCE2B9500749AEC /* MyCamera.swift */,
				85EA58A21DCE31A000749AEC /* FaceFeaturesDetector.swift */,
				85A3B4001DD8E54E007EE252 /* DataManager.swift */,
				85715AC21DEDF71900BBC7CA /* FilteredImageManager.swift */,
			);
			path = Smilie;
			sourceTree = "<group>";
		};
		85DB11141DC7687F00AFCCD0 /* lib */ = {
			isa = PBXGroup;
			children = (
				850948BB1DD60E5200B080CD /* Checkbox.swift */,
				85B39B2D1DCE3A6600427350 /* CircleImageView.swift */,
				85EA589C1DCE1FED00749AEC /* MySegues.swift */,
				85DB111D1DC769CD00AFCCD0 /* Colors.swift */,
				85DB111B1DC769B800AFCCD0 /* Helper.swift */,
				85DB11171DC769A000AFCCD0 /* MyView.swift */,
				85DB11181DC769A000AFCCD0 /* NibView.swift */,
				85DB11151DC7692600AFCCD0 /* ViewController.swift */,
				8588C68D1DC8DBF2000979EF /* Smilie-Bridging-Header.h */,
				8588C68E1DC8DC70000979EF /* UIImageHelper.h */,
				8588C68F1DC8DC82000979EF /* UIImageHelper.m */,
				85EA589E1DCE27F700749AEC /* MyImage.swift */,
				853255211DD74C3B00EDF3DE /* DurationTimer.swift */,
				853255231DD7567200EDF3DE /* BounceButton.swift */,
				8547DF8C1DE0D53C00B511FB /* CircleView.swift */,
				858F89381EA015960005D04F /* SoundPlayer.swift */,
			);
			name = lib;
			sourceTree = "<group>";
		};
		85DB11231DC76E2200AFCCD0 /* views */ = {
			isa = PBXGroup;
			children = (
				85DB11061DC7516C00AFCCD0 /* Main.storyboard */,
				85DB110B1DC7516C00AFCCD0 /* LaunchScreen.storyboard */,
				85DB111F1DC76AC400AFCCD0 /* CameraView.xib */,
				85DB11211DC76AD600AFCCD0 /* CameraView.swift */,
				85CCC50B1DE0855D007D1991 /* SmileProgressView.swift */,
				85CCC50D1DE085D3007D1991 /* SmileProgressView.xib */,
				85FB657E1DE3B6E500CC4021 /* SmilieLoadingView.swift */,
				85FB65801DE3B6FC00CC4021 /* SmilieLoadingView.xib */,
				852827371EB296DC00426AAA /* RotateToBackView.swift */,
				852827391EB296E700426AAA /* RotateToBackView.xib */,
			);
			name = views;
			sourceTree = "<group>";
		};
		85FB657D1DE3A0FA00CC4021 /* vc */ = {
			isa = PBXGroup;
			children = (
				85DB11261DC7860400AFCCD0 /* CapturedPhotoViewController.swift */,
				85DB11241DC77E5E00AFCCD0 /* CameraViewController.swift */,
				85EB35BE1DD93B84002DED9F /* IntroViewController.swift */,
				85FB657B1DE3A0F700CC4021 /* GalleryViewController.swift */,
				85B39B351DCE449300427350 /* ShareViewController.swift */,
				85B39B331DCE3B3300427350 /* MainViewController.swift */,
			);
			name = vc;
			sourceTree = "<group>";
		};
/* End PBXGroup section */

/* Begin PBXNativeTarget section */
		85DB10FE1DC7516C00AFCCD0 /* Smilie */ = {
			isa = PBXNativeTarget;
			buildConfigurationList = 85DB11111DC7516C00AFCCD0 /* Build configuration list for PBXNativeTarget "Smilie" */;
			buildPhases = (
				C55126EAA8AC6A5198CB933C /* [CP] Check Pods Manifest.lock */,
				85DB10FB1DC7516C00AFCCD0 /* Sources */,
				85DB10FC1DC7516C00AFCCD0 /* Frameworks */,
				85DB10FD1DC7516C00AFCCD0 /* Resources */,
				85F63904F498FB1C488AFDFF /* [CP] Embed Pods Frameworks */,
				AAD7EB525C30479DD67B6966 /* [CP] Copy Pods Resources */,
				856B9A061F3648AE00CED2AB /* ShellScript */,
			);
			buildRules = (
			);
			dependencies = (
			);
			name = Smilie;
			productName = Smilie;
			productReference = 85DB10FF1DC7516C00AFCCD0 /* Smilie.app */;
			productType = "com.apple.product-type.application";
		};
/* End PBXNativeTarget section */

/* Begin PBXProject section */
		85DB10F71DC7516C00AFCCD0 /* Project object */ = {
			isa = PBXProject;
			attributes = {
				LastSwiftUpdateCheck = 0730;
				LastUpgradeCheck = 0810;
				ORGANIZATIONNAME = Ufos;
				TargetAttributes = {
					85DB10FE1DC7516C00AFCCD0 = {
						CreatedOnToolsVersion = 7.3;
						DevelopmentTeam = RK4WALX88Y;
						LastSwiftMigration = 0810;
						ProvisioningStyle = Manual;
					};
				};
			};
			buildConfigurationList = 85DB10FA1DC7516C00AFCCD0 /* Build configuration list for PBXProject "Smilie" */;
			compatibilityVersion = "Xcode 3.2";
			developmentRegion = English;
			hasScannedForEncodings = 0;
			knownRegions = (
				en,
				Base,
			);
			mainGroup = 85DB10F61DC7516C00AFCCD0;
			productRefGroup = 85DB11001DC7516C00AFCCD0 /* Products */;
			projectDirPath = "";
			projectRoot = "";
			targets = (
				85DB10FE1DC7516C00AFCCD0 /* Smilie */,
			);
		};
/* End PBXProject section */

/* Begin PBXResourcesBuildPhase section */
		85DB10FD1DC7516C00AFCCD0 /* Resources */ = {
			isa = PBXResourcesBuildPhase;
			buildActionMask = 2147483647;
			files = (
				85CCC5271DE0C220007D1991 /* Lato-BlaIta.otf in Resources */,
				85CCC51E1DE0C220007D1991 /* Lato-Bol.otf in Resources */,
				85DB110D1DC7516C00AFCCD0 /* LaunchScreen.storyboard in Resources */,
				85CCC5241DE0C220007D1991 /* Lato-Reg.otf in Resources */,
				85DB11081DC7516C00AFCCD0 /* Main.storyboard in Resources */,
				85FB65811DE3B6FC00CC4021 /* SmilieLoadingView.xib in Resources */,
				85CCC5261DE0C220007D1991 /* Lato-Bla.otf in Resources */,
				8528273A1EB296E700426AAA /* RotateToBackView.xib in Resources */,
				85CCC5211DE0C220007D1991 /* Lato-HaiIta.otf in Resources */,
				85DB11201DC76AC400AFCCD0 /* CameraView.xib in Resources */,
				85CCC5201DE0C220007D1991 /* Lato-Hai.otf in Resources */,
				85CCC50E1DE085D3007D1991 /* SmileProgressView.xib in Resources */,
				85CCC5121DE0B1E5007D1991 /* Assets.xcassets in Resources */,
				85CCC5251DE0C220007D1991 /* Lato-RegIta.otf in Resources */,
				85CCC51F1DE0C220007D1991 /* Lato-BolIta.otf in Resources */,
				85CCC5231DE0C220007D1991 /* Lato-LigIta.otf in Resources */,
				85CCC5221DE0C220007D1991 /* Lato-Lig.otf in Resources */,
				85781AAA1DD63F32008EE778 /* lookup_miss_etikate.png in Resources */,
				858F893B1EA016E80005D04F /* punch_sound.mp3 in Resources */,
			);
			runOnlyForDeploymentPostprocessing = 0;
		};
/* End PBXResourcesBuildPhase section */

/* Begin PBXShellScriptBuildPhase section */
		856B9A061F3648AE00CED2AB /* ShellScript */ = {
			isa = PBXShellScriptBuildPhase;
			buildActionMask = 2147483647;
			files = (
			);
			inputPaths = (
			);
			outputPaths = (
			);
			runOnlyForDeploymentPostprocessing = 0;
			shellPath = /bin/sh;
			shellScript = "\"${PODS_ROOT}/Fabric/run\" 48fd88c00854984361f383cc909214ca2295c5e5 56f388b74227a46c7edbfe8849ad4a9c3623002d19b090074ac8dce9798313a0";
		};
		85F63904F498FB1C488AFDFF /* [CP] Embed Pods Frameworks */ = {
			isa = PBXShellScriptBuildPhase;
			buildActionMask = 2147483647;
			files = (
			);
			inputPaths = (
			);
			name = "[CP] Embed Pods Frameworks";
			outputPaths = (
			);
			runOnlyForDeploymentPostprocessing = 0;
			shellPath = /bin/sh;
			shellScript = "\"${SRCROOT}/Pods/Target Support Files/Pods-Smilie/Pods-Smilie-frameworks.sh\"\n";
			showEnvVarsInLog = 0;
		};
		AAD7EB525C30479DD67B6966 /* [CP] Copy Pods Resources */ = {
			isa = PBXShellScriptBuildPhase;
			buildActionMask = 2147483647;
			files = (
			);
			inputPaths = (
			);
			name = "[CP] Copy Pods Resources";
			outputPaths = (
			);
			runOnlyForDeploymentPostprocessing = 0;
			shellPath = /bin/sh;
			shellScript = "\"${SRCROOT}/Pods/Target Support Files/Pods-Smilie/Pods-Smilie-resources.sh\"\n";
			showEnvVarsInLog = 0;
		};
		C55126EAA8AC6A5198CB933C /* [CP] Check Pods Manifest.lock */ = {
			isa = PBXShellScriptBuildPhase;
			buildActionMask = 2147483647;
			files = (
			);
			inputPaths = (
			);
			name = "[CP] Check Pods Manifest.lock";
			outputPaths = (
			);
			runOnlyForDeploymentPostprocessing = 0;
			shellPath = /bin/sh;
			shellScript = "diff \"${PODS_ROOT}/../Podfile.lock\" \"${PODS_ROOT}/Manifest.lock\" > /dev/null\nif [ $? != 0 ] ; then\n    # print error to STDERR\n    echo \"error: The sandbox is not in sync with the Podfile.lock. Run 'pod install' or update your CocoaPods installation.\" >&2\n    exit 1\nfi\n";
			showEnvVarsInLog = 0;
		};
/* End PBXShellScriptBuildPhase section */

/* Begin PBXSourcesBuildPhase section */
		85DB10FB1DC7516C00AFCCD0 /* Sources */ = {
			isa = PBXSourcesBuildPhase;
			buildActionMask = 2147483647;
			files = (
				8547DF8D1DE0D53C00B511FB /* CircleView.swift in Sources */,
				85EB35BF1DD93B84002DED9F /* IntroViewController.swift in Sources */,
				85B39B2E1DCE3A6600427350 /* CircleImageView.swift in Sources */,
				85EA58A11DCE2B9500749AEC /* MyCamera.swift in Sources */,
				85FB657F1DE3B6E500CC4021 /* SmilieLoadingView.swift in Sources */,
				85DB11191DC769A000AFCCD0 /* MyView.swift in Sources */,
				85DB11161DC7692600AFCCD0 /* ViewController.swift in Sources */,
				8588C6901DC8DC82000979EF /* UIImageHelper.m in Sources */,
				853255241DD7567200EDF3DE /* BounceButton.swift in Sources */,
				85DB11271DC7860400AFCCD0 /* CapturedPhotoViewController.swift in Sources */,
				85DB111E1DC769CD00AFCCD0 /* Colors.swift in Sources */,
				85B39B341DCE3B3300427350 /* MainViewController.swift in Sources */,
				850948BC1DD60E5200B080CD /* Checkbox.swift in Sources */,
				85FB657C1DE3A0F700CC4021 /* GalleryViewController.swift in Sources */,
				85B39B321DCE3AD500427350 /* AppDelegate.swift in Sources */,
				85DB111A1DC769A000AFCCD0 /* NibView.swift in Sources */,
				85EA589F1DCE27F700749AEC /* MyImage.swift in Sources */,
				85DB111C1DC769B800AFCCD0 /* Helper.swift in Sources */,
				853255221DD74C3B00EDF3DE /* DurationTimer.swift in Sources */,
				85DB11221DC76AD600AFCCD0 /* CameraView.swift in Sources */,
				85715AC31DEDF71900BBC7CA /* FilteredImageManager.swift in Sources */,
				85EA58A31DCE31A000749AEC /* FaceFeaturesDetector.swift in Sources */,
				858F89391EA015960005D04F /* SoundPlayer.swift in Sources */,
				85DB11251DC77E5E00AFCCD0 /* CameraViewController.swift in Sources */,
				85CCC50C1DE0855D007D1991 /* SmileProgressView.swift in Sources */,
				85A3B4011DD8E54E007EE252 /* DataManager.swift in Sources */,
				85EA589D1DCE1FED00749AEC /* MySegues.swift in Sources */,
				852827381EB296DC00426AAA /* RotateToBackView.swift in Sources */,
				85B39B361DCE449300427350 /* ShareViewController.swift in Sources */,
			);
			runOnlyForDeploymentPostprocessing = 0;
		};
/* End PBXSourcesBuildPhase section */

/* Begin PBXVariantGroup section */
		85DB11061DC7516C00AFCCD0 /* Main.storyboard */ = {
			isa = PBXVariantGroup;
			children = (
				85DB11071DC7516C00AFCCD0 /* Base */,
			);
			name = Main.storyboard;
			sourceTree = "<group>";
		};
		85DB110B1DC7516C00AFCCD0 /* LaunchScreen.storyboard */ = {
			isa = PBXVariantGroup;
			children = (
				85DB110C1DC7516C00AFCCD0 /* Base */,
			);
			name = LaunchScreen.storyboard;
			sourceTree = "<group>";
		};
/* End PBXVariantGroup section */

/* Begin XCBuildConfiguration section */
		85DB110F1DC7516C00AFCCD0 /* Debug */ = {
			isa = XCBuildConfiguration;
			buildSettings = {
				ALWAYS_SEARCH_USER_PATHS = NO;
				CLANG_ANALYZER_NONNULL = YES;
				CLANG_CXX_LANGUAGE_STANDARD = "gnu++0x";
				CLANG_CXX_LIBRARY = "libc++";
				CLANG_ENABLE_MODULES = YES;
				CLANG_ENABLE_OBJC_ARC = YES;
				CLANG_WARN_BOOL_CONVERSION = YES;
				CLANG_WARN_CONSTANT_CONVERSION = YES;
				CLANG_WARN_DIRECT_OBJC_ISA_USAGE = YES_ERROR;
				CLANG_WARN_EMPTY_BODY = YES;
				CLANG_WARN_ENUM_CONVERSION = YES;
				CLANG_WARN_INFINITE_RECURSION = YES;
				CLANG_WARN_INT_CONVERSION = YES;
				CLANG_WARN_OBJC_ROOT_CLASS = YES_ERROR;
				CLANG_WARN_SUSPICIOUS_MOVE = YES;
				CLANG_WARN_UNREACHABLE_CODE = YES;
				CLANG_WARN__DUPLICATE_METHOD_MATCH = YES;
				"CODE_SIGN_IDENTITY[sdk=iphoneos*]" = "iPhone Developer";
				COPY_PHASE_STRIP = NO;
				DEBUG_INFORMATION_FORMAT = dwarf;
				ENABLE_STRICT_OBJC_MSGSEND = YES;
				ENABLE_TESTABILITY = YES;
				GCC_C_LANGUAGE_STANDARD = gnu99;
				GCC_DYNAMIC_NO_PIC = NO;
				GCC_NO_COMMON_BLOCKS = YES;
				GCC_OPTIMIZATION_LEVEL = 0;
				GCC_PREPROCESSOR_DEFINITIONS = (
					"DEBUG=1",
					"$(inherited)",
				);
				GCC_WARN_64_TO_32_BIT_CONVERSION = YES;
				GCC_WARN_ABOUT_RETURN_TYPE = YES_ERROR;
				GCC_WARN_UNDECLARED_SELECTOR = YES;
				GCC_WARN_UNINITIALIZED_AUTOS = YES_AGGRESSIVE;
				GCC_WARN_UNUSED_FUNCTION = YES;
				GCC_WARN_UNUSED_VARIABLE = YES;
				IPHONEOS_DEPLOYMENT_TARGET = 9.3;
				MTL_ENABLE_DEBUG_INFO = YES;
				ONLY_ACTIVE_ARCH = YES;
				SDKROOT = iphoneos;
				SWIFT_OPTIMIZATION_LEVEL = "-Onone";
			};
			name = Debug;
		};
		85DB11101DC7516C00AFCCD0 /* Release */ = {
			isa = XCBuildConfiguration;
			buildSettings = {
				ALWAYS_SEARCH_USER_PATHS = NO;
				CLANG_ANALYZER_NONNULL = YES;
				CLANG_CXX_LANGUAGE_STANDARD = "gnu++0x";
				CLANG_CXX_LIBRARY = "libc++";
				CLANG_ENABLE_MODULES = YES;
				CLANG_ENABLE_OBJC_ARC = YES;
				CLANG_WARN_BOOL_CONVERSION = YES;
				CLANG_WARN_CONSTANT_CONVERSION = YES;
				CLANG_WARN_DIRECT_OBJC_ISA_USAGE = YES_ERROR;
				CLANG_WARN_EMPTY_BODY = YES;
				CLANG_WARN_ENUM_CONVERSION = YES;
				CLANG_WARN_INFINITE_RECURSION = YES;
				CLANG_WARN_INT_CONVERSION = YES;
				CLANG_WARN_OBJC_ROOT_CLASS = YES_ERROR;
				CLANG_WARN_SUSPICIOUS_MOVE = YES;
				CLANG_WARN_UNREACHABLE_CODE = YES;
				CLANG_WARN__DUPLICATE_METHOD_MATCH = YES;
				"CODE_SIGN_IDENTITY[sdk=iphoneos*]" = "iPhone Developer";
				COPY_PHASE_STRIP = NO;
				DEBUG_INFORMATION_FORMAT = "dwarf-with-dsym";
				ENABLE_NS_ASSERTIONS = NO;
				ENABLE_STRICT_OBJC_MSGSEND = YES;
				GCC_C_LANGUAGE_STANDARD = gnu99;
				GCC_NO_COMMON_BLOCKS = YES;
				GCC_WARN_64_TO_32_BIT_CONVERSION = YES;
				GCC_WARN_ABOUT_RETURN_TYPE = YES_ERROR;
				GCC_WARN_UNDECLARED_SELECTOR = YES;
				GCC_WARN_UNINITIALIZED_AUTOS = YES_AGGRESSIVE;
				GCC_WARN_UNUSED_FUNCTION = YES;
				GCC_WARN_UNUSED_VARIABLE = YES;
				IPHONEOS_DEPLOYMENT_TARGET = 9.3;
				MTL_ENABLE_DEBUG_INFO = NO;
				SDKROOT = iphoneos;
				SWIFT_OPTIMIZATION_LEVEL = "-Owholemodule";
				VALIDATE_PRODUCT = YES;
			};
			name = Release;
		};
		85DB11121DC7516C00AFCCD0 /* Debug */ = {
			isa = XCBuildConfiguration;
			baseConfigurationReference = 6E7E125B4DD9943456933D25 /* Pods-Smilie.debug.xcconfig */;
			buildSettings = {
				ALWAYS_EMBED_SWIFT_STANDARD_LIBRARIES = YES;
				ASSETCATALOG_COMPILER_APPICON_NAME = AppIcon;
				CLANG_ENABLE_MODULES = YES;
				DEVELOPMENT_TEAM = RK4WALX88Y;
				INFOPLIST_FILE = Smilie/Info.plist;
				IPHONEOS_DEPLOYMENT_TARGET = 8.0;
				LD_RUNPATH_SEARCH_PATHS = "$(inherited) @executable_path/Frameworks";
				PRODUCT_BUNDLE_IDENTIFIER = sparing.Smilie;
				PRODUCT_NAME = "$(TARGET_NAME)";
				PROVISIONING_PROFILE = "f2d8aad2-18a7-4fec-94e8-cb329e5f976b";
				PROVISIONING_PROFILE_SPECIFIER = Smilie;
				SWIFT_OBJC_BRIDGING_HEADER = "Smilie/Smilie-Bridging-Header.h";
				SWIFT_OPTIMIZATION_LEVEL = "-Onone";
				SWIFT_VERSION = 3.0;
			};
			name = Debug;
		};
		85DB11131DC7516C00AFCCD0 /* Release */ = {
			isa = XCBuildConfiguration;
			baseConfigurationReference = 050C91AF170E955927B5FCBD /* Pods-Smilie.release.xcconfig */;
			buildSettings = {
				ALWAYS_EMBED_SWIFT_STANDARD_LIBRARIES = YES;
				ASSETCATALOG_COMPILER_APPICON_NAME = AppIcon;
				CLANG_ENABLE_MODULES = YES;
				DEVELOPMENT_TEAM = RK4WALX88Y;
				INFOPLIST_FILE = Smilie/Info.plist;
				IPHONEOS_DEPLOYMENT_TARGET = 8.0;
				LD_RUNPATH_SEARCH_PATHS = "$(inherited) @executable_path/Frameworks";
				PRODUCT_BUNDLE_IDENTIFIER = sparing.Smilie;
				PRODUCT_NAME = "$(TARGET_NAME)";
				PROVISIONING_PROFILE = "f5b745ce-af14-4d00-8647-86a42080df16";
				PROVISIONING_PROFILE_SPECIFIER = Smilie;
				SWIFT_OBJC_BRIDGING_HEADER = "Smilie/Smilie-Bridging-Header.h";
				SWIFT_VERSION = 3.0;
			};
			name = Release;
		};
/* End XCBuildConfiguration section */

/* Begin XCConfigurationList section */
		85DB10FA1DC7516C00AFCCD0 /* Build configuration list for PBXProject "Smilie" */ = {
			isa = XCConfigurationList;
			buildConfigurations = (
				85DB110F1DC7516C00AFCCD0 /* Debug */,
				85DB11101DC7516C00AFCCD0 /* Release */,
			);
			defaultConfigurationIsVisible = 0;
			defaultConfigurationName = Release;
		};
		85DB11111DC7516C00AFCCD0 /* Build configuration list for PBXNativeTarget "Smilie" */ = {
			isa = XCConfigurationList;
			buildConfigurations = (
				85DB11121DC7516C00AFCCD0 /* Debug */,
				85DB11131DC7516C00AFCCD0 /* Release */,
			);
			defaultConfigurationIsVisible = 0;
			defaultConfigurationName = Release;
		};
/* End XCConfigurationList section */
	};
	rootObject = 85DB10F71DC7516C00AFCCD0 /* Project object */;
}
